
Microsoft Visual Studio Solution File, Format Version 12.00
# Visual Studio Version 16
VisualStudioVersion = 16.0.29102.190
MinimumVisualStudioVersion = 10.0.40219.1
Project("{FAE04EC0-301F-11D3-BF4B-00C04F79EFBC}") = "GiaoTiepPC", "GiaoTiepPC.csproj", "{16287ED3-0DDB-40BC-A379-FB0EB56CF7FC}"
EndProject
Global
	GlobalSection(SolutionConfigurationPlatforms) = preSolution
		Debug|Any CPU = Debug|Any CPU
		Release|Any CPU = Release|Any CPU
	EndGlobalSection
	GlobalSection(ProjectConfigurationPlatforms) = postSolution
		{16287ED3-0DDB-40BC-A379-FB0EB56CF7FC}.Debug|Any CPU.ActiveCfg = Debug|Any CPU
		{16287ED3-0DDB-40BC-A379-FB0EB56CF7FC}.Debug|Any CPU.Build.0 = Debug|Any CPU
		{16287ED3-0DDB-40BC-A379-FB0EB56CF7FC}.Release|Any CPU.ActiveCfg = Release|Any CPU
		{16287ED3-0DDB-40BC-A379-FB0EB56CF7FC}.Release|Any CPU.Build.0 = Release|Any CPU
	EndGlobalSection
	GlobalSection(SolutionProperties) = preSolution
		HideSolutionNode = FALSE
	EndGlobalSection
	GlobalSection(ExtensibilityGlobals) = postSolution
		SolutionGuid = {F48E35B4-03DE-4949-9BDA-C4E409C41DA9}
	EndGlobalSection
EndGlobal
